{
  "name": "shopify-util",
  "version": "1.0.0",
  "lockfileVersion": 2,
  "requires": true,
  "packages": {
    "": {
      "version": "1.0.0",
      "license": "Apache-2.0",
      "dependencies": {
        "@shopify/app-bridge": "^1.30.0",
        "crypto-es": "^1.2.7"
      },
      "devDependencies": {
        "typescript": "^3.7.4"
      }
    },
    "node_modules/@shopify/app-bridge": {
      "version": "1.30.0",
      "resolved": "https://registry.npmjs.org/@shopify/app-bridge/-/app-bridge-1.30.0.tgz",
      "integrity": "sha512-I8esEzsWzGiZ4Ek8qceVMbkPptwcu57P6VbO5FUW6m3p2jymcq/bvIRaKbc2oDdAUmMdmpd4Dl/B874aWtJegg=="
    },
    "node_modules/crypto-es": {
      "version": "1.2.7",
      "resolved": "https://registry.npmjs.org/crypto-es/-/crypto-es-1.2.7.tgz",
      "integrity": "sha512-UUqiVJ2gUuZFmbFsKmud3uuLcNP2+Opt+5ysmljycFCyhA0+T16XJmo1ev/t5kMChMqWh7IEvURNCqsg+SjZGQ=="
    },
    "node_modules/typescript": {
      "version": "3.9.9",
      "resolved": "https://registry.npmjs.org/typescript/-/typescript-3.9.9.tgz",
      "integrity": "sha512-kdMjTiekY+z/ubJCATUPlRDl39vXYiMV9iyeMuEuXZh2we6zz80uovNN2WlAxmmdE/Z/YQe+EbOEXB5RHEED3w==",
      "dev": true,
      "bin": {
        "tsc": "bin/tsc",
        "tsserver": "bin/tsserver"
      },
      "engines": {
        "node": ">=4.2.0"
      }
    }
  },
  "dependencies": {
    "@shopify/app-bridge": {
      "version": "1.30.0",
      "resolved": "https://registry.npmjs.org/@shopify/app-bridge/-/app-bridge-1.30.0.tgz",
      "integrity": "sha512-I8esEzsWzGiZ4Ek8qceVMbkPptwcu57P6VbO5FUW6m3p2jymcq/bvIRaKbc2oDdAUmMdmpd4Dl/B874aWtJegg=="
    },
    "crypto-es": {
      "version": "1.2.7",
      "resolved": "https://registry.npmjs.org/crypto-es/-/crypto-es-1.2.7.tgz",
      "integrity": "sha512-UUqiVJ2gUuZFmbFsKmud3uuLcNP2+Opt+5ysmljycFCyhA0+T16XJmo1ev/t5kMChMqWh7IEvURNCqsg+SjZGQ=="
    },
    "typescript": {
      "version": "3.9.9",
      "resolved": "https://registry.npmjs.org/typescript/-/typescript-3.9.9.tgz",
      "integrity": "sha512-kdMjTiekY+z/ubJCATUPlRDl39vXYiMV9iyeMuEuXZh2we6zz80uovNN2WlAxmmdE/Z/YQe+EbOEXB5RHEED3w==",
      "dev": true
    }
  }
}
